
Microsoft Visual Studio Solution File, Format Version 12.00
# Visual Studio Version 17
VisualStudioVersion = 17.2.32519.379
MinimumVisualStudioVersion = 10.0.40219.1
Project("{FAE04EC0-301F-11D3-BF4B-00C04F79EFBC}") = "E-Library", "E-Library\E-Library.csproj", "{EC8A2C81-56B8-469F-8BC7-6EED2E400567}"
EndProject
Global
	GlobalSection(SolutionConfigurationPlatforms) = preSolution
		Debug|Any CPU = Debug|Any CPU
		Release|Any CPU = Release|Any CPU
	EndGlobalSection
	GlobalSection(ProjectConfigurationPlatforms) = postSolution
		{EC8A2C81-56B8-469F-8BC7-6EED2E400567}.Debug|Any CPU.ActiveCfg = Debug|Any CPU
		{EC8A2C81-56B8-469F-8BC7-6EED2E400567}.Debug|Any CPU.Build.0 = Debug|Any CPU
		{EC8A2C81-56B8-469F-8BC7-6EED2E400567}.Release|Any CPU.ActiveCfg = Release|Any CPU
		{EC8A2C81-56B8-469F-8BC7-6EED2E400567}.Release|Any CPU.Build.0 = Release|Any CPU
	EndGlobalSection
	GlobalSection(SolutionProperties) = preSolution
		HideSolutionNode = FALSE
	EndGlobalSection
	GlobalSection(ExtensibilityGlobals) = postSolution
		SolutionGuid = {C2AE8531-B8D1-4537-9183-ECDF86D05CDB}
	EndGlobalSection
EndGlobal
